
Microsoft Visual Studio Solution File, Format Version 12.00
# Visual Studio Version 16
VisualStudioVersion = 16.0.31515.178
MinimumVisualStudioVersion = 10.0.40219.1
Project("{8BC9CEB8-8B4A-11D0-8D11-00A0C91BC942}") = "Dll1", "Dll1.vcxproj", "{AD78854F-AE9D-4108-B9B4-FED431B72E93}"
EndProject
Project("{8BC9CEB8-8B4A-11D0-8D11-00A0C91BC942}") = "ConsoleApplication1", "..\ConsoleApplication1\ConsoleApplication1.vcxproj", "{88D839D8-A95F-45C0-A96E-DB1928C503AB}"
EndProject
Global
	GlobalSection(SolutionConfigurationPlatforms) = preSolution
		Debug|x64 = Debug|x64
		Debug|x86 = Debug|x86
		Release|x64 = Release|x64
		Release|x86 = Release|x86
	EndGlobalSection
	GlobalSection(ProjectConfigurationPlatforms) = postSolution
		{AD78854F-AE9D-4108-B9B4-FED431B72E93}.Debug|x64.ActiveCfg = Debug|x64
		{AD78854F-AE9D-4108-B9B4-FED431B72E93}.Debug|x64.Build.0 = Debug|x64
		{AD78854F-AE9D-4108-B9B4-FED431B72E93}.Debug|x86.ActiveCfg = Debug|Win32
		{AD78854F-AE9D-4108-B9B4-FED431B72E93}.Debug|x86.Build.0 = Debug|Win32
		{AD78854F-AE9D-4108-B9B4-FED431B72E93}.Release|x64.ActiveCfg = Release|x64
		{AD78854F-AE9D-4108-B9B4-FED431B72E93}.Release|x64.Build.0 = Release|x64
		{AD78854F-AE9D-4108-B9B4-FED431B72E93}.Release|x86.ActiveCfg = Release|Win32
		{AD78854F-AE9D-4108-B9B4-FED431B72E93}.Release|x86.Build.0 = Release|Win32
		{88D839D8-A95F-45C0-A96E-DB1928C503AB}.Debug|x64.ActiveCfg = Debug|x64
		{88D839D8-A95F-45C0-A96E-DB1928C503AB}.Debug|x64.Build.0 = Debug|x64
		{88D839D8-A95F-45C0-A96E-DB1928C503AB}.Debug|x86.ActiveCfg = Debug|Win32
		{88D839D8-A95F-45C0-A96E-DB1928C503AB}.Debug|x86.Build.0 = Debug|Win32
		{88D839D8-A95F-45C0-A96E-DB1928C503AB}.Release|x64.ActiveCfg = Release|x64
		{88D839D8-A95F-45C0-A96E-DB1928C503AB}.Release|x64.Build.0 = Release|x64
		{88D839D8-A95F-45C0-A96E-DB1928C503AB}.Release|x86.ActiveCfg = Release|Win32
		{88D839D8-A95F-45C0-A96E-DB1928C503AB}.Release|x86.Build.0 = Release|Win32
	EndGlobalSection
	GlobalSection(SolutionProperties) = preSolution
		HideSolutionNode = FALSE
	EndGlobalSection
	GlobalSection(ExtensibilityGlobals) = postSolution
		SolutionGuid = {A046BD9E-EA52-4F60-8EF3-30C04003B8E3}
	EndGlobalSection
EndGlobal
