
Microsoft Visual Studio Solution File, Format Version 12.00
# Visual Studio Version 16
VisualStudioVersion = 16.0.31515.178
MinimumVisualStudioVersion = 10.0.40219.1
Project("{8BC9CEB8-8B4A-11D0-8D11-00A0C91BC942}") = "DLL_Injector", "Src\DLL_Injector\DLL_Injector.vcxproj", "{FFFAB104-71AD-4F1F-8792-62D724DDF95F}"
EndProject
Project("{8BC9CEB8-8B4A-11D0-8D11-00A0C91BC942}") = "zwCreateFile_Hooker", "Src\zwCreateFile_Hooker\zwCreateFile_Hooker.vcxproj", "{4BB0EE74-021E-4B87-83AE-F93834033194}"
EndProject
Project("{8BC9CEB8-8B4A-11D0-8D11-00A0C91BC942}") = "FirstDLL", "Src\FirstDLL\FirstDLL.vcxproj", "{AD7C3737-31EC-435C-93BA-B587BBC76013}"
EndProject
Project("{8BC9CEB8-8B4A-11D0-8D11-00A0C91BC942}") = "FistEXE", "Src\FistEXE\FistEXE.vcxproj", "{6ED12411-5BD4-4A66-952D-E524B4C3DC9E}"
EndProject
Global
	GlobalSection(SolutionConfigurationPlatforms) = preSolution
		Debug|x64 = Debug|x64
		Debug|x86 = Debug|x86
		Release|x64 = Release|x64
		Release|x86 = Release|x86
	EndGlobalSection
	GlobalSection(ProjectConfigurationPlatforms) = postSolution
		{FFFAB104-71AD-4F1F-8792-62D724DDF95F}.Debug|x64.ActiveCfg = Debug|x64
		{FFFAB104-71AD-4F1F-8792-62D724DDF95F}.Debug|x64.Build.0 = Debug|x64
		{FFFAB104-71AD-4F1F-8792-62D724DDF95F}.Debug|x86.ActiveCfg = Debug|Win32
		{FFFAB104-71AD-4F1F-8792-62D724DDF95F}.Debug|x86.Build.0 = Debug|Win32
		{FFFAB104-71AD-4F1F-8792-62D724DDF95F}.Release|x64.ActiveCfg = Release|x64
		{FFFAB104-71AD-4F1F-8792-62D724DDF95F}.Release|x64.Build.0 = Release|x64
		{FFFAB104-71AD-4F1F-8792-62D724DDF95F}.Release|x86.ActiveCfg = Release|Win32
		{FFFAB104-71AD-4F1F-8792-62D724DDF95F}.Release|x86.Build.0 = Release|Win32
		{4BB0EE74-021E-4B87-83AE-F93834033194}.Debug|x64.ActiveCfg = Debug|x64
		{4BB0EE74-021E-4B87-83AE-F93834033194}.Debug|x64.Build.0 = Debug|x64
		{4BB0EE74-021E-4B87-83AE-F93834033194}.Debug|x86.ActiveCfg = Debug|Win32
		{4BB0EE74-021E-4B87-83AE-F93834033194}.Debug|x86.Build.0 = Debug|Win32
		{4BB0EE74-021E-4B87-83AE-F93834033194}.Release|x64.ActiveCfg = Release|x64
		{4BB0EE74-021E-4B87-83AE-F93834033194}.Release|x64.Build.0 = Release|x64
		{4BB0EE74-021E-4B87-83AE-F93834033194}.Release|x86.ActiveCfg = Release|Win32
		{4BB0EE74-021E-4B87-83AE-F93834033194}.Release|x86.Build.0 = Release|Win32
		{AD7C3737-31EC-435C-93BA-B587BBC76013}.Debug|x64.ActiveCfg = Debug|x64
		{AD7C3737-31EC-435C-93BA-B587BBC76013}.Debug|x64.Build.0 = Debug|x64
		{AD7C3737-31EC-435C-93BA-B587BBC76013}.Debug|x86.ActiveCfg = Debug|Win32
		{AD7C3737-31EC-435C-93BA-B587BBC76013}.Debug|x86.Build.0 = Debug|Win32
		{AD7C3737-31EC-435C-93BA-B587BBC76013}.Release|x64.ActiveCfg = Release|x64
		{AD7C3737-31EC-435C-93BA-B587BBC76013}.Release|x64.Build.0 = Release|x64
		{AD7C3737-31EC-435C-93BA-B587BBC76013}.Release|x86.ActiveCfg = Release|Win32
		{AD7C3737-31EC-435C-93BA-B587BBC76013}.Release|x86.Build.0 = Release|Win32
		{6ED12411-5BD4-4A66-952D-E524B4C3DC9E}.Debug|x64.ActiveCfg = Debug|x64
		{6ED12411-5BD4-4A66-952D-E524B4C3DC9E}.Debug|x64.Build.0 = Debug|x64
		{6ED12411-5BD4-4A66-952D-E524B4C3DC9E}.Debug|x86.ActiveCfg = Debug|Win32
		{6ED12411-5BD4-4A66-952D-E524B4C3DC9E}.Debug|x86.Build.0 = Debug|Win32
		{6ED12411-5BD4-4A66-952D-E524B4C3DC9E}.Release|x64.ActiveCfg = Release|x64
		{6ED12411-5BD4-4A66-952D-E524B4C3DC9E}.Release|x64.Build.0 = Release|x64
		{6ED12411-5BD4-4A66-952D-E524B4C3DC9E}.Release|x86.ActiveCfg = Release|Win32
		{6ED12411-5BD4-4A66-952D-E524B4C3DC9E}.Release|x86.Build.0 = Release|Win32
	EndGlobalSection
	GlobalSection(SolutionProperties) = preSolution
		HideSolutionNode = FALSE
	EndGlobalSection
	GlobalSection(ExtensibilityGlobals) = postSolution
		SolutionGuid = {E9CF3B66-7348-47F5-97D7-0B5990C35C04}
	EndGlobalSection
EndGlobal
